
Microsoft Visual Studio Solution File, Format Version 12.00
# Visual Studio Version 17
VisualStudioVersion = 17.14.36717.8 d17.14
MinimumVisualStudioVersion = 10.0.40219.1
Project("{FAE04EC0-301F-11D3-BF4B-00C04F79EFBC}") = "EmployeesMVC4.7", "EmployeesMVC4.7.csproj", "{0144C340-6D6E-4AD0-A689-801C677D6AA1}"
EndProject
Global
	GlobalSection(SolutionConfigurationPlatforms) = preSolution
		Debug|Any CPU = Debug|Any CPU
		Release|Any CPU = Release|Any CPU
	EndGlobalSection
	GlobalSection(ProjectConfigurationPlatforms) = postSolution
		{0144C340-6D6E-4AD0-A689-801C677D6AA1}.Debug|Any CPU.ActiveCfg = Debug|Any CPU
		{0144C340-6D6E-4AD0-A689-801C677D6AA1}.Debug|Any CPU.Build.0 = Debug|Any CPU
		{0144C340-6D6E-4AD0-A689-801C677D6AA1}.Release|Any CPU.ActiveCfg = Release|Any CPU
		{0144C340-6D6E-4AD0-A689-801C677D6AA1}.Release|Any CPU.Build.0 = Release|Any CPU
	EndGlobalSection
	GlobalSection(SolutionProperties) = preSolution
		HideSolutionNode = FALSE
	EndGlobalSection
	GlobalSection(ExtensibilityGlobals) = postSolution
		SolutionGuid = {FC6C4F54-5C3D-426A-8DC2-5C0D836D300C}
	EndGlobalSection
EndGlobal
